
Microsoft Visual Studio Solution File, Format Version 12.00
# Visual Studio Version 17
VisualStudioVersion = 17.9.34723.18
MinimumVisualStudioVersion = 10.0.40219.1
Project("{FAE04EC0-301F-11D3-BF4B-00C04F79EFBC}") = "av_ave", "av_ave\av_ave.csproj", "{C3E40E1A-4712-4125-B81B-933AEA714B19}"
EndProject
Global
	GlobalSection(SolutionConfigurationPlatforms) = preSolution
		Debug|Any CPU = Debug|Any CPU
		Release|Any CPU = Release|Any CPU
	EndGlobalSection
	GlobalSection(ProjectConfigurationPlatforms) = postSolution
		{C3E40E1A-4712-4125-B81B-933AEA714B19}.Debug|Any CPU.ActiveCfg = Debug|Any CPU
		{C3E40E1A-4712-4125-B81B-933AEA714B19}.Debug|Any CPU.Build.0 = Debug|Any CPU
		{C3E40E1A-4712-4125-B81B-933AEA714B19}.Release|Any CPU.ActiveCfg = Release|Any CPU
		{C3E40E1A-4712-4125-B81B-933AEA714B19}.Release|Any CPU.Build.0 = Release|Any CPU
	EndGlobalSection
	GlobalSection(SolutionProperties) = preSolution
		HideSolutionNode = FALSE
	EndGlobalSection
	GlobalSection(ExtensibilityGlobals) = postSolution
		SolutionGuid = {756D7D7B-1D3A-4077-9F82-3079C67D5518}
	EndGlobalSection
EndGlobal
